
Microsoft Visual Studio Solution File, Format Version 12.00
# Visual Studio 15
VisualStudioVersion = 15.0.28010.2046
MinimumVisualStudioVersion = 10.0.40219.1
Project("{FAE04EC0-301F-11D3-BF4B-00C04F79EFBC}") = "OrangeHRMLiberary", "OrangeHRMLiberary\OrangeHRMLiberary.csproj", "{C3AE95CC-6BC3-4FB7-8788-BC153F6B6FF8}"
EndProject
Project("{FAE04EC0-301F-11D3-BF4B-00C04F79EFBC}") = "OrangeHRMTests", "OrangeHRMTests\OrangeHRMTests.csproj", "{7E8FB5DA-8BDC-47B6-B5F0-95D9A0A4B423}"
EndProject
Global
	GlobalSection(SolutionConfigurationPlatforms) = preSolution
		Debug|Any CPU = Debug|Any CPU
		Release|Any CPU = Release|Any CPU
	EndGlobalSection
	GlobalSection(ProjectConfigurationPlatforms) = postSolution
		{C3AE95CC-6BC3-4FB7-8788-BC153F6B6FF8}.Debug|Any CPU.ActiveCfg = Debug|Any CPU
		{C3AE95CC-6BC3-4FB7-8788-BC153F6B6FF8}.Debug|Any CPU.Build.0 = Debug|Any CPU
		{C3AE95CC-6BC3-4FB7-8788-BC153F6B6FF8}.Release|Any CPU.ActiveCfg = Release|Any CPU
		{C3AE95CC-6BC3-4FB7-8788-BC153F6B6FF8}.Release|Any CPU.Build.0 = Release|Any CPU
		{7E8FB5DA-8BDC-47B6-B5F0-95D9A0A4B423}.Debug|Any CPU.ActiveCfg = Debug|Any CPU
		{7E8FB5DA-8BDC-47B6-B5F0-95D9A0A4B423}.Debug|Any CPU.Build.0 = Debug|Any CPU
		{7E8FB5DA-8BDC-47B6-B5F0-95D9A0A4B423}.Release|Any CPU.ActiveCfg = Release|Any CPU
		{7E8FB5DA-8BDC-47B6-B5F0-95D9A0A4B423}.Release|Any CPU.Build.0 = Release|Any CPU
	EndGlobalSection
	GlobalSection(SolutionProperties) = preSolution
		HideSolutionNode = FALSE
	EndGlobalSection
	GlobalSection(ExtensibilityGlobals) = postSolution
		SolutionGuid = {2DE832ED-EFB3-45D3-B442-C0F34887E979}
	EndGlobalSection
EndGlobal
